
Microsoft Visual Studio Solution File, Format Version 12.00
# Visual Studio Version 17
VisualStudioVersion = 17.0.31903.59
MinimumVisualStudioVersion = 10.0.40219.1
Project("{FAE04EC0-301F-11D3-BF4B-00C04F79EFBC}") = "Net462", "Net462\Net462.csproj", "{DDF75403-9EF8-4B7E-89E7-392071720D18}"
EndProject
Project("{FAE04EC0-301F-11D3-BF4B-00C04F79EFBC}") = "Net472", "Net472\Net472.csproj", "{946FFF5A-19F3-4DCC-91E7-0F8D8E22FC39}"
EndProject
Project("{FAE04EC0-301F-11D3-BF4B-00C04F79EFBC}") = "Net48", "Net48\Net48.csproj", "{5651B984-6110-4A6A-B6EC-6A8466F97FF9}"
EndProject
Project("{FAE04EC0-301F-11D3-BF4B-00C04F79EFBC}") = "Net481", "Net481\Net481.csproj", "{CC6110B0-4DC4-4C9A-98F5-6327979815F2}"
EndProject
Project("{FAE04EC0-301F-11D3-BF4B-00C04F79EFBC}") = "Net6", "Net6\Net6.csproj", "{EC36C592-66FD-4F0F-A50D-01791EE37BAC}"
EndProject
Project("{FAE04EC0-301F-11D3-BF4B-00C04F79EFBC}") = "Net7", "Net7\Net7.csproj", "{E5E1F363-0A7C-4EA5-B36E-D5B8A1D73B8A}"
EndProject
Project("{FAE04EC0-301F-11D3-BF4B-00C04F79EFBC}") = "NetStandard20", "NetStandard20\NetStandard20.csproj", "{457977B3-A993-4284-853A-ADB3DFFFBCC1}"
EndProject
Project("{FAE04EC0-301F-11D3-BF4B-00C04F79EFBC}") = "NetStandard21", "NetStandard21\NetStandard21.csproj", "{0A8BAE94-81E2-43FE-8DD2-EE9E576DDB47}"
EndProject
Project("{FAE04EC0-301F-11D3-BF4B-00C04F79EFBC}") = "Net8", "Net8\Net8.csproj", "{D4A73BA4-2F78-4723-8F07-CE1F3BC3AC4B}"
EndProject
Global
	GlobalSection(SolutionConfigurationPlatforms) = preSolution
		Debug|Any CPU = Debug|Any CPU
		Release|Any CPU = Release|Any CPU
	EndGlobalSection
	GlobalSection(SolutionProperties) = preSolution
		HideSolutionNode = FALSE
	EndGlobalSection
	GlobalSection(ProjectConfigurationPlatforms) = postSolution
		{DDF75403-9EF8-4B7E-89E7-392071720D18}.Debug|Any CPU.ActiveCfg = Debug|Any CPU
		{DDF75403-9EF8-4B7E-89E7-392071720D18}.Debug|Any CPU.Build.0 = Debug|Any CPU
		{DDF75403-9EF8-4B7E-89E7-392071720D18}.Release|Any CPU.ActiveCfg = Release|Any CPU
		{DDF75403-9EF8-4B7E-89E7-392071720D18}.Release|Any CPU.Build.0 = Release|Any CPU
		{946FFF5A-19F3-4DCC-91E7-0F8D8E22FC39}.Debug|Any CPU.ActiveCfg = Debug|Any CPU
		{946FFF5A-19F3-4DCC-91E7-0F8D8E22FC39}.Debug|Any CPU.Build.0 = Debug|Any CPU
		{946FFF5A-19F3-4DCC-91E7-0F8D8E22FC39}.Release|Any CPU.ActiveCfg = Release|Any CPU
		{946FFF5A-19F3-4DCC-91E7-0F8D8E22FC39}.Release|Any CPU.Build.0 = Release|Any CPU
		{5651B984-6110-4A6A-B6EC-6A8466F97FF9}.Debug|Any CPU.ActiveCfg = Debug|Any CPU
		{5651B984-6110-4A6A-B6EC-6A8466F97FF9}.Debug|Any CPU.Build.0 = Debug|Any CPU
		{5651B984-6110-4A6A-B6EC-6A8466F97FF9}.Release|Any CPU.ActiveCfg = Release|Any CPU
		{5651B984-6110-4A6A-B6EC-6A8466F97FF9}.Release|Any CPU.Build.0 = Release|Any CPU
		{CC6110B0-4DC4-4C9A-98F5-6327979815F2}.Debug|Any CPU.ActiveCfg = Debug|Any CPU
		{CC6110B0-4DC4-4C9A-98F5-6327979815F2}.Debug|Any CPU.Build.0 = Debug|Any CPU
		{CC6110B0-4DC4-4C9A-98F5-6327979815F2}.Release|Any CPU.ActiveCfg = Release|Any CPU
		{CC6110B0-4DC4-4C9A-98F5-6327979815F2}.Release|Any CPU.Build.0 = Release|Any CPU
		{EC36C592-66FD-4F0F-A50D-01791EE37BAC}.Debug|Any CPU.ActiveCfg = Debug|Any CPU
		{EC36C592-66FD-4F0F-A50D-01791EE37BAC}.Debug|Any CPU.Build.0 = Debug|Any CPU
		{EC36C592-66FD-4F0F-A50D-01791EE37BAC}.Release|Any CPU.ActiveCfg = Release|Any CPU
		{EC36C592-66FD-4F0F-A50D-01791EE37BAC}.Release|Any CPU.Build.0 = Release|Any CPU
		{E5E1F363-0A7C-4EA5-B36E-D5B8A1D73B8A}.Debug|Any CPU.ActiveCfg = Debug|Any CPU
		{E5E1F363-0A7C-4EA5-B36E-D5B8A1D73B8A}.Debug|Any CPU.Build.0 = Debug|Any CPU
		{E5E1F363-0A7C-4EA5-B36E-D5B8A1D73B8A}.Release|Any CPU.ActiveCfg = Release|Any CPU
		{E5E1F363-0A7C-4EA5-B36E-D5B8A1D73B8A}.Release|Any CPU.Build.0 = Release|Any CPU
		{457977B3-A993-4284-853A-ADB3DFFFBCC1}.Debug|Any CPU.ActiveCfg = Debug|Any CPU
		{457977B3-A993-4284-853A-ADB3DFFFBCC1}.Debug|Any CPU.Build.0 = Debug|Any CPU
		{457977B3-A993-4284-853A-ADB3DFFFBCC1}.Release|Any CPU.ActiveCfg = Release|Any CPU
		{457977B3-A993-4284-853A-ADB3DFFFBCC1}.Release|Any CPU.Build.0 = Release|Any CPU
		{0A8BAE94-81E2-43FE-8DD2-EE9E576DDB47}.Debug|Any CPU.ActiveCfg = Debug|Any CPU
		{0A8BAE94-81E2-43FE-8DD2-EE9E576DDB47}.Debug|Any CPU.Build.0 = Debug|Any CPU
		{0A8BAE94-81E2-43FE-8DD2-EE9E576DDB47}.Release|Any CPU.ActiveCfg = Release|Any CPU
		{0A8BAE94-81E2-43FE-8DD2-EE9E576DDB47}.Release|Any CPU.Build.0 = Release|Any CPU
		{D4A73BA4-2F78-4723-8F07-CE1F3BC3AC4B}.Debug|Any CPU.ActiveCfg = Debug|Any CPU
		{D4A73BA4-2F78-4723-8F07-CE1F3BC3AC4B}.Debug|Any CPU.Build.0 = Debug|Any CPU
		{D4A73BA4-2F78-4723-8F07-CE1F3BC3AC4B}.Release|Any CPU.ActiveCfg = Release|Any CPU
		{D4A73BA4-2F78-4723-8F07-CE1F3BC3AC4B}.Release|Any CPU.Build.0 = Release|Any CPU
	EndGlobalSection
EndGlobal
