
Microsoft Visual Studio Solution File, Format Version 12.00
# Visual Studio Version 17
VisualStudioVersion = 17.7.33808.371
MinimumVisualStudioVersion = 10.0.40219.1
Project("{9A19103F-16F7-4668-BE54-9A1E7A4F7556}") = "Refitter", "Refitter\Refitter.csproj", "{F4E9899D-341B-4760-A39D-71C8EECC4C44}"
EndProject
Project("{9A19103F-16F7-4668-BE54-9A1E7A4F7556}") = "Refitter.Core", "Refitter.Core\Refitter.Core.csproj", "{DB59B937-647F-4317-BA81-170164A866BD}"
EndProject
Project("{9A19103F-16F7-4668-BE54-9A1E7A4F7556}") = "Refitter.Tests", "Refitter.Tests\Refitter.Tests.csproj", "{F49AB45B-01B1-4F21-B178-6BBEE1E5030E}"
EndProject
Project("{FAE04EC0-301F-11D3-BF4B-00C04F79EFBC}") = "Refitter.SourceGenerators", "Refitter.SourceGenerators\Refitter.SourceGenerators.csproj", "{7BE518F8-8842-4507-8127-25E99A7F41D0}"
EndProject
Project("{9A19103F-16F7-4668-BE54-9A1E7A4F7556}") = "Refitter.SourceGenerators.Tests", "Refitter.SourceGenerators.Tests\Refitter.SourceGenerators.Tests.csproj", "{AFF920A9-765D-4ABA-9BEF-2A5BE7A2AFAA}"
EndProject
Global
	GlobalSection(SolutionConfigurationPlatforms) = preSolution
		Debug|Any CPU = Debug|Any CPU
		Release|Any CPU = Release|Any CPU
	EndGlobalSection
	GlobalSection(ProjectConfigurationPlatforms) = postSolution
		{F4E9899D-341B-4760-A39D-71C8EECC4C44}.Debug|Any CPU.ActiveCfg = Debug|Any CPU
		{F4E9899D-341B-4760-A39D-71C8EECC4C44}.Debug|Any CPU.Build.0 = Debug|Any CPU
		{F4E9899D-341B-4760-A39D-71C8EECC4C44}.Release|Any CPU.ActiveCfg = Release|Any CPU
		{F4E9899D-341B-4760-A39D-71C8EECC4C44}.Release|Any CPU.Build.0 = Release|Any CPU
		{DB59B937-647F-4317-BA81-170164A866BD}.Debug|Any CPU.ActiveCfg = Debug|Any CPU
		{DB59B937-647F-4317-BA81-170164A866BD}.Debug|Any CPU.Build.0 = Debug|Any CPU
		{DB59B937-647F-4317-BA81-170164A866BD}.Release|Any CPU.ActiveCfg = Release|Any CPU
		{DB59B937-647F-4317-BA81-170164A866BD}.Release|Any CPU.Build.0 = Release|Any CPU
		{F49AB45B-01B1-4F21-B178-6BBEE1E5030E}.Debug|Any CPU.ActiveCfg = Debug|Any CPU
		{F49AB45B-01B1-4F21-B178-6BBEE1E5030E}.Debug|Any CPU.Build.0 = Debug|Any CPU
		{F49AB45B-01B1-4F21-B178-6BBEE1E5030E}.Release|Any CPU.ActiveCfg = Release|Any CPU
		{F49AB45B-01B1-4F21-B178-6BBEE1E5030E}.Release|Any CPU.Build.0 = Release|Any CPU
		{7BE518F8-8842-4507-8127-25E99A7F41D0}.Debug|Any CPU.ActiveCfg = Debug|Any CPU
		{7BE518F8-8842-4507-8127-25E99A7F41D0}.Debug|Any CPU.Build.0 = Debug|Any CPU
		{7BE518F8-8842-4507-8127-25E99A7F41D0}.Release|Any CPU.ActiveCfg = Release|Any CPU
		{7BE518F8-8842-4507-8127-25E99A7F41D0}.Release|Any CPU.Build.0 = Release|Any CPU
		{AFF920A9-765D-4ABA-9BEF-2A5BE7A2AFAA}.Debug|Any CPU.ActiveCfg = Debug|Any CPU
		{AFF920A9-765D-4ABA-9BEF-2A5BE7A2AFAA}.Debug|Any CPU.Build.0 = Debug|Any CPU
		{AFF920A9-765D-4ABA-9BEF-2A5BE7A2AFAA}.Release|Any CPU.ActiveCfg = Release|Any CPU
		{AFF920A9-765D-4ABA-9BEF-2A5BE7A2AFAA}.Release|Any CPU.Build.0 = Release|Any CPU
	EndGlobalSection
	GlobalSection(SolutionProperties) = preSolution
		HideSolutionNode = FALSE
	EndGlobalSection
	GlobalSection(ExtensibilityGlobals) = postSolution
		SolutionGuid = {7E2263DD-44A6-4D35-A86C-B695FC1BB85C}
	EndGlobalSection
EndGlobal
