
Microsoft Visual Studio Solution File, Format Version 12.00
Project("{FAE04EC0-301F-11D3-BF4B-00C04F79EFBC}") = "Refitter", "Refitter\Refitter.csproj", "{F4E9899D-341B-4760-A39D-71C8EECC4C44}"
EndProject
Project("{FAE04EC0-301F-11D3-BF4B-00C04F79EFBC}") = "Refitter.Core", "Refitter.Core\Refitter.Core.csproj", "{DB59B937-647F-4317-BA81-170164A866BD}"
EndProject
Project("{FAE04EC0-301F-11D3-BF4B-00C04F79EFBC}") = "Refitter.Tests", "Refitter.Tests\Refitter.Tests.csproj", "{F49AB45B-01B1-4F21-B178-6BBEE1E5030E}"
EndProject
Global
	GlobalSection(SolutionConfigurationPlatforms) = preSolution
		Debug|Any CPU = Debug|Any CPU
		Release|Any CPU = Release|Any CPU
	EndGlobalSection
	GlobalSection(ProjectConfigurationPlatforms) = postSolution
		{F4E9899D-341B-4760-A39D-71C8EECC4C44}.Debug|Any CPU.ActiveCfg = Debug|Any CPU
		{F4E9899D-341B-4760-A39D-71C8EECC4C44}.Debug|Any CPU.Build.0 = Debug|Any CPU
		{F4E9899D-341B-4760-A39D-71C8EECC4C44}.Release|Any CPU.ActiveCfg = Release|Any CPU
		{F4E9899D-341B-4760-A39D-71C8EECC4C44}.Release|Any CPU.Build.0 = Release|Any CPU
		{DB59B937-647F-4317-BA81-170164A866BD}.Debug|Any CPU.ActiveCfg = Debug|Any CPU
		{DB59B937-647F-4317-BA81-170164A866BD}.Debug|Any CPU.Build.0 = Debug|Any CPU
		{DB59B937-647F-4317-BA81-170164A866BD}.Release|Any CPU.ActiveCfg = Release|Any CPU
		{DB59B937-647F-4317-BA81-170164A866BD}.Release|Any CPU.Build.0 = Release|Any CPU
		{F49AB45B-01B1-4F21-B178-6BBEE1E5030E}.Debug|Any CPU.ActiveCfg = Debug|Any CPU
		{F49AB45B-01B1-4F21-B178-6BBEE1E5030E}.Debug|Any CPU.Build.0 = Debug|Any CPU
		{F49AB45B-01B1-4F21-B178-6BBEE1E5030E}.Release|Any CPU.ActiveCfg = Release|Any CPU
		{F49AB45B-01B1-4F21-B178-6BBEE1E5030E}.Release|Any CPU.Build.0 = Release|Any CPU
	EndGlobalSection
EndGlobal
